
Microsoft Visual Studio Solution File, Format Version 12.00
# Visual Studio Version 17
VisualStudioVersion = 17.13.35825.156
MinimumVisualStudioVersion = 10.0.40219.1
Project("{2150E333-8FDC-42A3-9474-1A3956D46DE8}") = "src", "src", "{36D591C7-65C7-A0D1-1CBC-10CDE441BDC8}"
EndProject
Project("{2150E333-8FDC-42A3-9474-1A3956D46DE8}") = "tests", "tests", "{9BA676FF-2BF6-45F0-B03B-3BACE71DF68F}"
EndProject
Project("{FAE04EC0-301F-11D3-BF4B-00C04F79EFBC}") = "Clean2025.Domain", "src\Clean2025.Domain\Clean2025.Domain.csproj", "{D25113A6-D2EF-4175-B7A5-9AE03495E64C}"
EndProject
Project("{FAE04EC0-301F-11D3-BF4B-00C04F79EFBC}") = "Clean2025.Application", "src\Clean2025.Application\Clean2025.Application.csproj", "{44608699-0AF0-40D9-B809-2A1BE749E0A4}"
EndProject
Project("{FAE04EC0-301F-11D3-BF4B-00C04F79EFBC}") = "Clean2025.Infrastrucrure", "src\Clean2025.Infrastrucrure\Clean2025.Infrastrucrure.csproj", "{C602A3CB-3713-4B93-84C4-3728A18B5CBA}"
EndProject
Project("{FAE04EC0-301F-11D3-BF4B-00C04F79EFBC}") = "Clean2025.WebAPI", "src\Clean2025.WebAPI\Clean2025.WebAPI\Clean2025.WebAPI.csproj", "{0A4C941C-17C0-7EF8-9BD2-77A69DDDB16A}"
EndProject
Project("{FAE04EC0-301F-11D3-BF4B-00C04F79EFBC}") = "Clean2025.AppHost", "Clean2025.AppHost\Clean2025.AppHost.csproj", "{08DAFC61-2BCA-4E55-A20D-E27E9EC2D14F}"
EndProject
Project("{FAE04EC0-301F-11D3-BF4B-00C04F79EFBC}") = "Clean2025.ServiceDefaults", "Clean2025.ServiceDefaults\Clean2025.ServiceDefaults.csproj", "{0BF2F9CF-1CAE-99C5-13FA-FE0404012EE2}"
EndProject
Global
	GlobalSection(SolutionConfigurationPlatforms) = preSolution
		Debug|Any CPU = Debug|Any CPU
		Release|Any CPU = Release|Any CPU
	EndGlobalSection
	GlobalSection(ProjectConfigurationPlatforms) = postSolution
		{D25113A6-D2EF-4175-B7A5-9AE03495E64C}.Debug|Any CPU.ActiveCfg = Debug|Any CPU
		{D25113A6-D2EF-4175-B7A5-9AE03495E64C}.Debug|Any CPU.Build.0 = Debug|Any CPU
		{D25113A6-D2EF-4175-B7A5-9AE03495E64C}.Release|Any CPU.ActiveCfg = Release|Any CPU
		{D25113A6-D2EF-4175-B7A5-9AE03495E64C}.Release|Any CPU.Build.0 = Release|Any CPU
		{44608699-0AF0-40D9-B809-2A1BE749E0A4}.Debug|Any CPU.ActiveCfg = Debug|Any CPU
		{44608699-0AF0-40D9-B809-2A1BE749E0A4}.Debug|Any CPU.Build.0 = Debug|Any CPU
		{44608699-0AF0-40D9-B809-2A1BE749E0A4}.Release|Any CPU.ActiveCfg = Release|Any CPU
		{44608699-0AF0-40D9-B809-2A1BE749E0A4}.Release|Any CPU.Build.0 = Release|Any CPU
		{C602A3CB-3713-4B93-84C4-3728A18B5CBA}.Debug|Any CPU.ActiveCfg = Debug|Any CPU
		{C602A3CB-3713-4B93-84C4-3728A18B5CBA}.Debug|Any CPU.Build.0 = Debug|Any CPU
		{C602A3CB-3713-4B93-84C4-3728A18B5CBA}.Release|Any CPU.ActiveCfg = Release|Any CPU
		{C602A3CB-3713-4B93-84C4-3728A18B5CBA}.Release|Any CPU.Build.0 = Release|Any CPU
		{0A4C941C-17C0-7EF8-9BD2-77A69DDDB16A}.Debug|Any CPU.ActiveCfg = Debug|Any CPU
		{0A4C941C-17C0-7EF8-9BD2-77A69DDDB16A}.Debug|Any CPU.Build.0 = Debug|Any CPU
		{0A4C941C-17C0-7EF8-9BD2-77A69DDDB16A}.Release|Any CPU.ActiveCfg = Release|Any CPU
		{0A4C941C-17C0-7EF8-9BD2-77A69DDDB16A}.Release|Any CPU.Build.0 = Release|Any CPU
		{08DAFC61-2BCA-4E55-A20D-E27E9EC2D14F}.Debug|Any CPU.ActiveCfg = Debug|Any CPU
		{08DAFC61-2BCA-4E55-A20D-E27E9EC2D14F}.Debug|Any CPU.Build.0 = Debug|Any CPU
		{08DAFC61-2BCA-4E55-A20D-E27E9EC2D14F}.Release|Any CPU.ActiveCfg = Release|Any CPU
		{08DAFC61-2BCA-4E55-A20D-E27E9EC2D14F}.Release|Any CPU.Build.0 = Release|Any CPU
		{0BF2F9CF-1CAE-99C5-13FA-FE0404012EE2}.Debug|Any CPU.ActiveCfg = Debug|Any CPU
		{0BF2F9CF-1CAE-99C5-13FA-FE0404012EE2}.Debug|Any CPU.Build.0 = Debug|Any CPU
		{0BF2F9CF-1CAE-99C5-13FA-FE0404012EE2}.Release|Any CPU.ActiveCfg = Release|Any CPU
		{0BF2F9CF-1CAE-99C5-13FA-FE0404012EE2}.Release|Any CPU.Build.0 = Release|Any CPU
	EndGlobalSection
	GlobalSection(SolutionProperties) = preSolution
		HideSolutionNode = FALSE
	EndGlobalSection
	GlobalSection(NestedProjects) = preSolution
		{D25113A6-D2EF-4175-B7A5-9AE03495E64C} = {36D591C7-65C7-A0D1-1CBC-10CDE441BDC8}
		{44608699-0AF0-40D9-B809-2A1BE749E0A4} = {36D591C7-65C7-A0D1-1CBC-10CDE441BDC8}
		{C602A3CB-3713-4B93-84C4-3728A18B5CBA} = {36D591C7-65C7-A0D1-1CBC-10CDE441BDC8}
		{0A4C941C-17C0-7EF8-9BD2-77A69DDDB16A} = {36D591C7-65C7-A0D1-1CBC-10CDE441BDC8}
	EndGlobalSection
	GlobalSection(ExtensibilityGlobals) = postSolution
		SolutionGuid = {77622ACF-53C9-4744-848A-7CC22E73B7A7}
	EndGlobalSection
EndGlobal
